// !$*UTF8*$!
{
	archiveVersion = 1;
	classes = {
	};
	objectVersion = 77;
	objects = {

/* Begin PBXBuildFile section */
		832EC6ED2EBA07EB0090EAAB /* Alamofire in Frameworks */ = {isa = PBXBuildFile; productRef = 832EC6EC2EBA07EB0090EAAB /* Alamofire */; };
		8384BD2E2E98037E0081FB14 /* Lottie in Frameworks */ = {isa = PBXBuildFile; productRef = 8384BD2D2E98037E0081FB14 /* Lottie */; };
		83FE369C2ED374C300E31ABC /* KeychainAccess in Frameworks */ = {isa = PBXBuildFile; productRef = 83FE369B2ED374C300E31ABC /* KeychainAccess */; };
/* End PBXBuildFile section */

/* Begin PBXContainerItemProxy section */
		83A892382E8DA1AC00337242 /* PBXContainerItemProxy */ = {
			isa = PBXContainerItemProxy;
			containerPortal = 83A892222E8DA1AA00337242 /* Project object */;
			proxyType = 1;
			remoteGlobalIDString = 83A892292E8DA1AB00337242;
			remoteInfo = BirdId;
		};
		83A892422E8DA1AC00337242 /* PBXContainerItemProxy */ = {
			isa = PBXContainerItemProxy;
			containerPortal = 83A892222E8DA1AA00337242 /* Project object */;
			proxyType = 1;
			remoteGlobalIDString = 83A892292E8DA1AB00337242;
			remoteInfo = BirdId;
		};
/* End PBXContainerItemProxy section */

/* Begin PBXCopyFilesBuildPhase section */
		8384BD3A2E98061A0081FB14 /* Embed Frameworks */ = {
			isa = PBXCopyFilesBuildPhase;
			buildActionMask = 2147483647;
			dstPath = "";
			dstSubfolderSpec = 10;
			files = (
			);
			name = "Embed Frameworks";
			runOnlyForDeploymentPostprocessing = 0;
		};
/* End PBXCopyFilesBuildPhase section */

/* Begin PBXFileReference section */
		83A8922A2E8DA1AB00337242 /* BirdId.app */ = {isa = PBXFileReference; explicitFileType = wrapper.application; includeInIndex = 0; path = BirdId.app; sourceTree = BUILT_PRODUCTS_DIR; };
		83A892372E8DA1AC00337242 /* BirdIdTests.xctest */ = {isa = PBXFileReference; explicitFileType = wrapper.cfbundle; includeInIndex = 0; path = BirdIdTests.xctest; sourceTree = BUILT_PRODUCTS_DIR; };
		83A892412E8DA1AC00337242 /* BirdIdUITests.xctest */ = {isa = PBXFileReference; explicitFileType = wrapper.cfbundle; includeInIndex = 0; path = BirdIdUITests.xctest; sourceTree = BUILT_PRODUCTS_DIR; };
/* End PBXFileReference section */

/* Begin PBXFileSystemSynchronizedBuildFileExceptionSet section */
		833F42452EAD229E005FBA87 /* Exceptions for "BirdId" folder in "BirdId" target */ = {
			isa = PBXFileSystemSynchronizedBuildFileExceptionSet;
			membershipExceptions = (
				Info.plist,
			);
			target = 83A892292E8DA1AB00337242 /* BirdId */;
		};
/* End PBXFileSystemSynchronizedBuildFileExceptionSet section */

/* Begin PBXFileSystemSynchronizedRootGroup section */
		83A8922C2E8DA1AB00337242 /* BirdId */ = {
			isa = PBXFileSystemSynchronizedRootGroup;
			exceptions = (
				833F42452EAD229E005FBA87 /* Exceptions for "BirdId" folder in "BirdId" target */,
			);
			path = BirdId;
			sourceTree = "<group>";
		};
		83A8923A2E8DA1AC00337242 /* BirdIdTests */ = {
			isa = PBXFileSystemSynchronizedRootGroup;
			path = BirdIdTests;
			sourceTree = "<group>";
		};
		83A892442E8DA1AC00337242 /* BirdIdUITests */ = {
			isa = PBXFileSystemSynchronizedRootGroup;
			path = BirdIdUITests;
			sourceTree = "<group>";
		};
/* End PBXFileSystemSynchronizedRootGroup section */

/* Begin PBXFrameworksBuildPhase section */
		83A892272E8DA1AB00337242 /* Frameworks */ = {
			isa = PBXFrameworksBuildPhase;
			buildActionMask = 2147483647;
			files = (
				8384BD2E2E98037E0081FB14 /* Lottie in Frameworks */,
				832EC6ED2EBA07EB0090EAAB /* Alamofire in Frameworks */,
				83FE369C2ED374C300E31ABC /* KeychainAccess in Frameworks */,
			);
			runOnlyForDeploymentPostprocessing = 0;
		};
		83A892342E8DA1AC00337242 /* Frameworks */ = {
			isa = PBXFrameworksBuildPhase;
			buildActionMask = 2147483647;
			files = (
			);
			runOnlyForDeploymentPostprocessing = 0;
		};
		83A8923E2E8DA1AC00337242 /* Frameworks */ = {
			isa = PBXFrameworksBuildPhase;
			buildActionMask = 2147483647;
			files = (
			);
			runOnlyForDeploymentPostprocessing = 0;
		};
/* End PBXFrameworksBuildPhase section */

/* Begin PBXGroup section */
		83A892212E8DA1AA00337242 = {
			isa = PBXGroup;
			children = (
				83A8922C2E8DA1AB00337242 /* BirdId */,
				83A8923A2E8DA1AC00337242 /* BirdIdTests */,
				83A892442E8DA1AC00337242 /* BirdIdUITests */,
				83A8922B2E8DA1AB00337242 /* Products */,
			);
			sourceTree = "<group>";
		};
		83A8922B2E8DA1AB00337242 /* Products */ = {
			isa = PBXGroup;
			children = (
				83A8922A2E8DA1AB00337242 /* BirdId.app */,
				83A892372E8DA1AC00337242 /* BirdIdTests.xctest */,
				83A892412E8DA1AC00337242 /* BirdIdUITests.xctest */,
			);
			name = Products;
			sourceTree = "<group>";
		};
/* End PBXGroup section */

/* Begin PBXNativeTarget section */
		83A892292E8DA1AB00337242 /* BirdId */ = {
			isa = PBXNativeTarget;
			buildConfigurationList = 83A8924B2E8DA1AC00337242 /* Build configuration list for PBXNativeTarget "BirdId" */;
			buildPhases = (
				83A892262E8DA1AB00337242 /* Sources */,
				83A892272E8DA1AB00337242 /* Frameworks */,
				83A892282E8DA1AB00337242 /* Resources */,
				8384BD3A2E98061A0081FB14 /* Embed Frameworks */,
			);
			buildRules = (
			);
			dependencies = (
			);
			fileSystemSynchronizedGroups = (
				83A8922C2E8DA1AB00337242 /* BirdId */,
			);
			name = BirdId;
			packageProductDependencies = (
				8384BD2D2E98037E0081FB14 /* Lottie */,
				832EC6EC2EBA07EB0090EAAB /* Alamofire */,
				83FE369B2ED374C300E31ABC /* KeychainAccess */,
			);
			productName = BirdId;
			productReference = 83A8922A2E8DA1AB00337242 /* BirdId.app */;
			productType = "com.apple.product-type.application";
		};
		83A892362E8DA1AC00337242 /* BirdIdTests */ = {
			isa = PBXNativeTarget;
			buildConfigurationList = 83A8924E2E8DA1AC00337242 /* Build configuration list for PBXNativeTarget "BirdIdTests" */;
			buildPhases = (
				83A892332E8DA1AC00337242 /* Sources */,
				83A892342E8DA1AC00337242 /* Frameworks */,
				83A892352E8DA1AC00337242 /* Resources */,
			);
			buildRules = (
			);
			dependencies = (
				83A892392E8DA1AC00337242 /* PBXTargetDependency */,
			);
			fileSystemSynchronizedGroups = (
				83A8923A2E8DA1AC00337242 /* BirdIdTests */,
			);
			name = BirdIdTests;
			packageProductDependencies = (
			);
			productName = BirdIdTests;
			productReference = 83A892372E8DA1AC00337242 /* BirdIdTests.xctest */;
			productType = "com.apple.product-type.bundle.unit-test";
		};
		83A892402E8DA1AC00337242 /* BirdIdUITests */ = {
			isa = PBXNativeTarget;
			buildConfigurationList = 83A892512E8DA1AC00337242 /* Build configuration list for PBXNativeTarget "BirdIdUITests" */;
			buildPhases = (
				83A8923D2E8DA1AC00337242 /* Sources */,
				83A8923E2E8DA1AC00337242 /* Frameworks */,
				83A8923F2E8DA1AC00337242 /* Resources */,
			);
			buildRules = (
			);
			dependencies = (
				83A892432E8DA1AC00337242 /* PBXTargetDependency */,
			);
			fileSystemSynchronizedGroups = (
				83A892442E8DA1AC00337242 /* BirdIdUITests */,
			);
			name = BirdIdUITests;
			packageProductDependencies = (
			);
			productName = BirdIdUITests;
			productReference = 83A892412E8DA1AC00337242 /* BirdIdUITests.xctest */;
			productType = "com.apple.product-type.bundle.ui-testing";
		};
/* End PBXNativeTarget section */

/* Begin PBXProject section */
		83A892222E8DA1AA00337242 /* Project object */ = {
			isa = PBXProject;
			attributes = {
				BuildIndependentTargetsInParallel = 1;
				LastSwiftUpdateCheck = 2600;
				LastUpgradeCheck = 2600;
				TargetAttributes = {
					83A892292E8DA1AB00337242 = {
						CreatedOnToolsVersion = 26.0.1;
					};
					83A892362E8DA1AC00337242 = {
						CreatedOnToolsVersion = 26.0.1;
						TestTargetID = 83A892292E8DA1AB00337242;
					};
					83A892402E8DA1AC00337242 = {
						CreatedOnToolsVersion = 26.0.1;
						TestTargetID = 83A892292E8DA1AB00337242;
					};
				};
			};
			buildConfigurationList = 83A892252E8DA1AB00337242 /* Build configuration list for PBXProject "BirdId" */;
			developmentRegion = en;
			hasScannedForEncodings = 0;
			knownRegions = (
				en,
				Base,
			);
			mainGroup = 83A892212E8DA1AA00337242;
			minimizedProjectReferenceProxies = 1;
			packageReferences = (
				83C63B662E979C9C00A4DF5F /* XCRemoteSwiftPackageReference "lottie-ios" */,
				83ECF3132EB23515000196E7 /* XCRemoteSwiftPackageReference "Alamofire" */,
				83FE369A2ED3743F00E31ABC /* XCRemoteSwiftPackageReference "KeychainAccess" */,
			);
			preferredProjectObjectVersion = 77;
			productRefGroup = 83A8922B2E8DA1AB00337242 /* Products */;
			projectDirPath = "";
			projectRoot = "";
			targets = (
				83A892292E8DA1AB00337242 /* BirdId */,
				83A892362E8DA1AC00337242 /* BirdIdTests */,
				83A892402E8DA1AC00337242 /* BirdIdUITests */,
			);
		};
/* End PBXProject section */

/* Begin PBXResourcesBuildPhase section */
		83A892282E8DA1AB00337242 /* Resources */ = {
			isa = PBXResourcesBuildPhase;
			buildActionMask = 2147483647;
			files = (
			);
			runOnlyForDeploymentPostprocessing = 0;
		};
		83A892352E8DA1AC00337242 /* Resources */ = {
			isa = PBXResourcesBuildPhase;
			buildActionMask = 2147483647;
			files = (
			);
			runOnlyForDeploymentPostprocessing = 0;
		};
		83A8923F2E8DA1AC00337242 /* Resources */ = {
			isa = PBXResourcesBuildPhase;
			buildActionMask = 2147483647;
			files = (
			);
			runOnlyForDeploymentPostprocessing = 0;
		};
/* End PBXResourcesBuildPhase section */

/* Begin PBXSourcesBuildPhase section */
		83A892262E8DA1AB00337242 /* Sources */ = {
			isa = PBXSourcesBuildPhase;
			buildActionMask = 2147483647;
			files = (
			);
			runOnlyForDeploymentPostprocessing = 0;
		};
		83A892332E8DA1AC00337242 /* Sources */ = {
			isa = PBXSourcesBuildPhase;
			buildActionMask = 2147483647;
			files = (
			);
			runOnlyForDeploymentPostprocessing = 0;
		};
		83A8923D2E8DA1AC00337242 /* Sources */ = {
			isa = PBXSourcesBuildPhase;
			buildActionMask = 2147483647;
			files = (
			);
			runOnlyForDeploymentPostprocessing = 0;
		};
/* End PBXSourcesBuildPhase section */

/* Begin PBXTargetDependency section */
		83A892392E8DA1AC00337242 /* PBXTargetDependency */ = {
			isa = PBXTargetDependency;
			target = 83A892292E8DA1AB00337242 /* BirdId */;
			targetProxy = 83A892382E8DA1AC00337242 /* PBXContainerItemProxy */;
		};
		83A892432E8DA1AC00337242 /* PBXTargetDependency */ = {
			isa = PBXTargetDependency;
			target = 83A892292E8DA1AB00337242 /* BirdId */;
			targetProxy = 83A892422E8DA1AC00337242 /* PBXContainerItemProxy */;
		};
/* End PBXTargetDependency section */

/* Begin XCBuildConfiguration section */
		83A892492E8DA1AC00337242 /* Debug */ = {
			isa = XCBuildConfiguration;
			buildSettings = {
				ALWAYS_SEARCH_USER_PATHS = NO;
				ASSETCATALOG_COMPILER_GENERATE_SWIFT_ASSET_SYMBOL_EXTENSIONS = YES;
				CLANG_ANALYZER_NONNULL = YES;
				CLANG_ANALYZER_NUMBER_OBJECT_CONVERSION = YES_AGGRESSIVE;
				CLANG_CXX_LANGUAGE_STANDARD = "gnu++20";
				CLANG_ENABLE_MODULES = YES;
				CLANG_ENABLE_OBJC_ARC = YES;
				CLANG_ENABLE_OBJC_WEAK = YES;
				CLANG_WARN_BLOCK_CAPTURE_AUTORELEASING = YES;
				CLANG_WARN_BOOL_CONVERSION = YES;
				CLANG_WARN_COMMA = YES;
				CLANG_WARN_CONSTANT_CONVERSION = YES;
				CLANG_WARN_DEPRECATED_OBJC_IMPLEMENTATIONS = YES;
				CLANG_WARN_DIRECT_OBJC_ISA_USAGE = YES_ERROR;
				CLANG_WARN_DOCUMENTATION_COMMENTS = YES;
				CLANG_WARN_EMPTY_BODY = YES;
				CLANG_WARN_ENUM_CONVERSION = YES;
				CLANG_WARN_INFINITE_RECURSION = YES;
				CLANG_WARN_INT_CONVERSION = YES;
				CLANG_WARN_NON_LITERAL_NULL_CONVERSION = YES;
				CLANG_WARN_OBJC_IMPLICIT_RETAIN_SELF = YES;
				CLANG_WARN_OBJC_LITERAL_CONVERSION = YES;
				CLANG_WARN_OBJC_ROOT_CLASS = YES_ERROR;
				CLANG_WARN_QUOTED_INCLUDE_IN_FRAMEWORK_HEADER = YES;
				CLANG_WARN_RANGE_LOOP_ANALYSIS = YES;
				CLANG_WARN_STRICT_PROTOTYPES = YES;
				CLANG_WARN_SUSPICIOUS_MOVE = YES;
				CLANG_WARN_UNGUARDED_AVAILABILITY = YES_AGGRESSIVE;
				CLANG_WARN_UNREACHABLE_CODE = YES;
				CLANG_WARN__DUPLICATE_METHOD_MATCH = YES;
				COPY_PHASE_STRIP = NO;
				DEBUG_INFORMATION_FORMAT = dwarf;
				ENABLE_STRICT_OBJC_MSGSEND = YES;
				ENABLE_TESTABILITY = YES;
				ENABLE_USER_SCRIPT_SANDBOXING = YES;
				GCC_C_LANGUAGE_STANDARD = gnu17;
				GCC_DYNAMIC_NO_PIC = NO;
				GCC_NO_COMMON_BLOCKS = YES;
				GCC_OPTIMIZATION_LEVEL = 0;
				GCC_PREPROCESSOR_DEFINITIONS = (
					"DEBUG=1",
					"$(inherited)",
				);
				GCC_WARN_64_TO_32_BIT_CONVERSION = YES;
				GCC_WARN_ABOUT_RETURN_TYPE = YES_ERROR;
				GCC_WARN_UNDECLARED_SELECTOR = YES;
				GCC_WARN_UNINITIALIZED_AUTOS = YES_AGGRESSIVE;
				GCC_WARN_UNUSED_FUNCTION = YES;
				GCC_WARN_UNUSED_VARIABLE = YES;
				IPHONEOS_DEPLOYMENT_TARGET = 26.0;
				LOCALIZATION_PREFERS_STRING_CATALOGS = YES;
				MTL_ENABLE_DEBUG_INFO = INCLUDE_SOURCE;
				MTL_FAST_MATH = YES;
				ONLY_ACTIVE_ARCH = YES;
				SDKROOT = iphoneos;
				SWIFT_ACTIVE_COMPILATION_CONDITIONS = "DEBUG $(inherited)";
				SWIFT_OPTIMIZATION_LEVEL = "-Onone";
			};
			name = Debug;
		};
		83A8924A2E8DA1AC00337242 /* Release */ = {
			isa = XCBuildConfiguration;
			buildSettings = {
				ALWAYS_SEARCH_USER_PATHS = NO;
				ASSETCATALOG_COMPILER_GENERATE_SWIFT_ASSET_SYMBOL_EXTENSIONS = YES;
				CLANG_ANALYZER_NONNULL = YES;
				CLANG_ANALYZER_NUMBER_OBJECT_CONVERSION = YES_AGGRESSIVE;
				CLANG_CXX_LANGUAGE_STANDARD = "gnu++20";
				CLANG_ENABLE_MODULES = YES;
				CLANG_ENABLE_OBJC_ARC = YES;
				CLANG_ENABLE_OBJC_WEAK = YES;
				CLANG_WARN_BLOCK_CAPTURE_AUTORELEASING = YES;
				CLANG_WARN_BOOL_CONVERSION = YES;
				CLANG_WARN_COMMA = YES;
				CLANG_WARN_CONSTANT_CONVERSION = YES;
				CLANG_WARN_DEPRECATED_OBJC_IMPLEMENTATIONS = YES;
				CLANG_WARN_DIRECT_OBJC_ISA_USAGE = YES_ERROR;
				CLANG_WARN_DOCUMENTATION_COMMENTS = YES;
				CLANG_WARN_EMPTY_BODY = YES;
				CLANG_WARN_ENUM_CONVERSION = YES;
				CLANG_WARN_INFINITE_RECURSION = YES;
				CLANG_WARN_INT_CONVERSION = YES;
				CLANG_WARN_NON_LITERAL_NULL_CONVERSION = YES;
				CLANG_WARN_OBJC_IMPLICIT_RETAIN_SELF = YES;
				CLANG_WARN_OBJC_LITERAL_CONVERSION = YES;
				CLANG_WARN_OBJC_ROOT_CLASS = YES_ERROR;
				CLANG_WARN_QUOTED_INCLUDE_IN_FRAMEWORK_HEADER = YES;
				CLANG_WARN_RANGE_LOOP_ANALYSIS = YES;
				CLANG_WARN_STRICT_PROTOTYPES = YES;
				CLANG_WARN_SUSPICIOUS_MOVE = YES;
				CLANG_WARN_UNGUARDED_AVAILABILITY = YES_AGGRESSIVE;
				CLANG_WARN_UNREACHABLE_CODE = YES;
				CLANG_WARN__DUPLICATE_METHOD_MATCH = YES;
				COPY_PHASE_STRIP = NO;
				DEBUG_INFORMATION_FORMAT = "dwarf-with-dsym";
				ENABLE_NS_ASSERTIONS = NO;
				ENABLE_STRICT_OBJC_MSGSEND = YES;
				ENABLE_USER_SCRIPT_SANDBOXING = YES;
				GCC_C_LANGUAGE_STANDARD = gnu17;
				GCC_NO_COMMON_BLOCKS = YES;
				GCC_WARN_64_TO_32_BIT_CONVERSION = YES;
				GCC_WARN_ABOUT_RETURN_TYPE = YES_ERROR;
				GCC_WARN_UNDECLARED_SELECTOR = YES;
				GCC_WARN_UNINITIALIZED_AUTOS = YES_AGGRESSIVE;
				GCC_WARN_UNUSED_FUNCTION = YES;
				GCC_WARN_UNUSED_VARIABLE = YES;
				IPHONEOS_DEPLOYMENT_TARGET = 26.0;
				LOCALIZATION_PREFERS_STRING_CATALOGS = YES;
				MTL_ENABLE_DEBUG_INFO = NO;
				MTL_FAST_MATH = YES;
				SDKROOT = iphoneos;
				SWIFT_COMPILATION_MODE = wholemodule;
				VALIDATE_PRODUCT = YES;
			};
			name = Release;
		};
		83A8924C2E8DA1AC00337242 /* Debug */ = {
			isa = XCBuildConfiguration;
			buildSettings = {
				ASSETCATALOG_COMPILER_APPICON_NAME = AppIcon;
				ASSETCATALOG_COMPILER_GLOBAL_ACCENT_COLOR_NAME = AccentColor;
				CODE_SIGN_STYLE = Automatic;
				CURRENT_PROJECT_VERSION = 1;
				DEVELOPMENT_ASSET_PATHS = "";
				DEVELOPMENT_TEAM = 4463SZ5VRG;
				ENABLE_PREVIEWS = YES;
				GENERATE_INFOPLIST_FILE = YES;
				INFOPLIST_FILE = BirdId/Info.plist;
				INFOPLIST_KEY_NSCameraUsageDescription = "This app needs camera access to identify birds.";
				INFOPLIST_KEY_NSMicrophoneUsageDescription = "We need access to your microphone to record bird sounds.";
				INFOPLIST_KEY_NSPhotoLibraryUsageDescription = "We need access your photos  to add!";
				INFOPLIST_KEY_UIApplicationSceneManifest_Generation = YES;
				INFOPLIST_KEY_UIApplicationSupportsIndirectInputEvents = YES;
				INFOPLIST_KEY_UILaunchScreen_Generation = YES;
				INFOPLIST_KEY_UISupportedInterfaceOrientations = "UIInterfaceOrientationLandscapeLeft UIInterfaceOrientationLandscapeRight UIInterfaceOrientationPortrait";
				INFOPLIST_KEY_UISupportedInterfaceOrientations_iPad = "UIInterfaceOrientationLandscapeLeft UIInterfaceOrientationLandscapeRight";
				IPHONEOS_DEPLOYMENT_TARGET = 26.0;
				LD_RUNPATH_SEARCH_PATHS = (
					"$(inherited)",
					"@executable_path/Frameworks",
				);
				MARKETING_VERSION = 1.0;
				PRODUCT_BUNDLE_IDENTIFIER = com.mycompany.BirdId43143;
				PRODUCT_NAME = "$(TARGET_NAME)";
				STRING_CATALOG_GENERATE_SYMBOLS = YES;
				SUPPORTED_PLATFORMS = "iphoneos iphonesimulator";
				SUPPORTS_MACCATALYST = NO;
				SWIFT_APPROACHABLE_CONCURRENCY = YES;
				SWIFT_DEFAULT_ACTOR_ISOLATION = MainActor;
				SWIFT_EMIT_LOC_STRINGS = YES;
				SWIFT_UPCOMING_FEATURE_MEMBER_IMPORT_VISIBILITY = YES;
				SWIFT_VERSION = 5.0;
				TARGETED_DEVICE_FAMILY = 1;
			};
			name = Debug;
		};
		83A8924D2E8DA1AC00337242 /* Release */ = {
			isa = XCBuildConfiguration;
			buildSettings = {
				ASSETCATALOG_COMPILER_APPICON_NAME = AppIcon;
				ASSETCATALOG_COMPILER_GLOBAL_ACCENT_COLOR_NAME = AccentColor;
				CODE_SIGN_STYLE = Automatic;
				CURRENT_PROJECT_VERSION = 1;
				DEVELOPMENT_ASSET_PATHS = "";
				DEVELOPMENT_TEAM = 4463SZ5VRG;
				ENABLE_PREVIEWS = YES;
				GENERATE_INFOPLIST_FILE = YES;
				INFOPLIST_FILE = BirdId/Info.plist;
				INFOPLIST_KEY_NSCameraUsageDescription = "This app needs camera access to identify birds.";
				INFOPLIST_KEY_NSMicrophoneUsageDescription = "We need access to your microphone to record bird sounds.";
				INFOPLIST_KEY_NSPhotoLibraryUsageDescription = "We need access your photos  to add!";
				INFOPLIST_KEY_UIApplicationSceneManifest_Generation = YES;
				INFOPLIST_KEY_UIApplicationSupportsIndirectInputEvents = YES;
				INFOPLIST_KEY_UILaunchScreen_Generation = YES;
				INFOPLIST_KEY_UISupportedInterfaceOrientations = "UIInterfaceOrientationLandscapeLeft UIInterfaceOrientationLandscapeRight UIInterfaceOrientationPortrait";
				INFOPLIST_KEY_UISupportedInterfaceOrientations_iPad = "UIInterfaceOrientationLandscapeLeft UIInterfaceOrientationLandscapeRight";
				IPHONEOS_DEPLOYMENT_TARGET = 26.0;
				LD_RUNPATH_SEARCH_PATHS = (
					"$(inherited)",
					"@executable_path/Frameworks",
				);
				MARKETING_VERSION = 1.0;
				PRODUCT_BUNDLE_IDENTIFIER = com.mycompany.BirdId43143;
				PRODUCT_NAME = "$(TARGET_NAME)";
				STRING_CATALOG_GENERATE_SYMBOLS = YES;
				SUPPORTED_PLATFORMS = "iphoneos iphonesimulator";
				SUPPORTS_MACCATALYST = NO;
				SWIFT_APPROACHABLE_CONCURRENCY = YES;
				SWIFT_DEFAULT_ACTOR_ISOLATION = MainActor;
				SWIFT_EMIT_LOC_STRINGS = YES;
				SWIFT_UPCOMING_FEATURE_MEMBER_IMPORT_VISIBILITY = YES;
				SWIFT_VERSION = 5.0;
				TARGETED_DEVICE_FAMILY = 1;
			};
			name = Release;
		};
		83A8924F2E8DA1AC00337242 /* Debug */ = {
			isa = XCBuildConfiguration;
			buildSettings = {
				BUNDLE_LOADER = "$(TEST_HOST)";
				CODE_SIGN_STYLE = Automatic;
				CURRENT_PROJECT_VERSION = 1;
				GENERATE_INFOPLIST_FILE = YES;
				IPHONEOS_DEPLOYMENT_TARGET = 26.0;
				MARKETING_VERSION = 1.0;
				PRODUCT_BUNDLE_IDENTIFIER = com.mycompany.BirdIdTests;
				PRODUCT_NAME = "$(TARGET_NAME)";
				STRING_CATALOG_GENERATE_SYMBOLS = NO;
				SWIFT_APPROACHABLE_CONCURRENCY = YES;
				SWIFT_EMIT_LOC_STRINGS = NO;
				SWIFT_UPCOMING_FEATURE_MEMBER_IMPORT_VISIBILITY = YES;
				SWIFT_VERSION = 5.0;
				TARGETED_DEVICE_FAMILY = "1,2";
				TEST_HOST = "$(BUILT_PRODUCTS_DIR)/BirdId.app/$(BUNDLE_EXECUTABLE_FOLDER_PATH)/BirdId";
			};
			name = Debug;
		};
		83A892502E8DA1AC00337242 /* Release */ = {
			isa = XCBuildConfiguration;
			buildSettings = {
				BUNDLE_LOADER = "$(TEST_HOST)";
				CODE_SIGN_STYLE = Automatic;
				CURRENT_PROJECT_VERSION = 1;
				GENERATE_INFOPLIST_FILE = YES;
				IPHONEOS_DEPLOYMENT_TARGET = 26.0;
				MARKETING_VERSION = 1.0;
				PRODUCT_BUNDLE_IDENTIFIER = com.mycompany.BirdIdTests;
				PRODUCT_NAME = "$(TARGET_NAME)";
				STRING_CATALOG_GENERATE_SYMBOLS = NO;
				SWIFT_APPROACHABLE_CONCURRENCY = YES;
				SWIFT_EMIT_LOC_STRINGS = NO;
				SWIFT_UPCOMING_FEATURE_MEMBER_IMPORT_VISIBILITY = YES;
				SWIFT_VERSION = 5.0;
				TARGETED_DEVICE_FAMILY = "1,2";
				TEST_HOST = "$(BUILT_PRODUCTS_DIR)/BirdId.app/$(BUNDLE_EXECUTABLE_FOLDER_PATH)/BirdId";
			};
			name = Release;
		};
		83A892522E8DA1AC00337242 /* Debug */ = {
			isa = XCBuildConfiguration;
			buildSettings = {
				CODE_SIGN_STYLE = Automatic;
				CURRENT_PROJECT_VERSION = 1;
				GENERATE_INFOPLIST_FILE = YES;
				MARKETING_VERSION = 1.0;
				PRODUCT_BUNDLE_IDENTIFIER = com.mycompany.BirdIdUITests;
				PRODUCT_NAME = "$(TARGET_NAME)";
				STRING_CATALOG_GENERATE_SYMBOLS = NO;
				SWIFT_APPROACHABLE_CONCURRENCY = YES;
				SWIFT_EMIT_LOC_STRINGS = NO;
				SWIFT_UPCOMING_FEATURE_MEMBER_IMPORT_VISIBILITY = YES;
				SWIFT_VERSION = 5.0;
				TARGETED_DEVICE_FAMILY = "1,2";
				TEST_TARGET_NAME = BirdId;
			};
			name = Debug;
		};
		83A892532E8DA1AC00337242 /* Release */ = {
			isa = XCBuildConfiguration;
			buildSettings = {
				CODE_SIGN_STYLE = Automatic;
				CURRENT_PROJECT_VERSION = 1;
				GENERATE_INFOPLIST_FILE = YES;
				MARKETING_VERSION = 1.0;
				PRODUCT_BUNDLE_IDENTIFIER = com.mycompany.BirdIdUITests;
				PRODUCT_NAME = "$(TARGET_NAME)";
				STRING_CATALOG_GENERATE_SYMBOLS = NO;
				SWIFT_APPROACHABLE_CONCURRENCY = YES;
				SWIFT_EMIT_LOC_STRINGS = NO;
				SWIFT_UPCOMING_FEATURE_MEMBER_IMPORT_VISIBILITY = YES;
				SWIFT_VERSION = 5.0;
				TARGETED_DEVICE_FAMILY = "1,2";
				TEST_TARGET_NAME = BirdId;
			};
			name = Release;
		};
/* End XCBuildConfiguration section */

/* Begin XCConfigurationList section */
		83A892252E8DA1AB00337242 /* Build configuration list for PBXProject "BirdId" */ = {
			isa = XCConfigurationList;
			buildConfigurations = (
				83A892492E8DA1AC00337242 /* Debug */,
				83A8924A2E8DA1AC00337242 /* Release */,
			);
			defaultConfigurationIsVisible = 0;
			defaultConfigurationName = Release;
		};
		83A8924B2E8DA1AC00337242 /* Build configuration list for PBXNativeTarget "BirdId" */ = {
			isa = XCConfigurationList;
			buildConfigurations = (
				83A8924C2E8DA1AC00337242 /* Debug */,
				83A8924D2E8DA1AC00337242 /* Release */,
			);
			defaultConfigurationIsVisible = 0;
			defaultConfigurationName = Release;
		};
		83A8924E2E8DA1AC00337242 /* Build configuration list for PBXNativeTarget "BirdIdTests" */ = {
			isa = XCConfigurationList;
			buildConfigurations = (
				83A8924F2E8DA1AC00337242 /* Debug */,
				83A892502E8DA1AC00337242 /* Release */,
			);
			defaultConfigurationIsVisible = 0;
			defaultConfigurationName = Release;
		};
		83A892512E8DA1AC00337242 /* Build configuration list for PBXNativeTarget "BirdIdUITests" */ = {
			isa = XCConfigurationList;
			buildConfigurations = (
				83A892522E8DA1AC00337242 /* Debug */,
				83A892532E8DA1AC00337242 /* Release */,
			);
			defaultConfigurationIsVisible = 0;
			defaultConfigurationName = Release;
		};
/* End XCConfigurationList section */

/* Begin XCRemoteSwiftPackageReference section */
		83C63B662E979C9C00A4DF5F /* XCRemoteSwiftPackageReference "lottie-ios" */ = {
			isa = XCRemoteSwiftPackageReference;
			repositoryURL = "https://github.com/airbnb/lottie-ios";
			requirement = {
				kind = upToNextMajorVersion;
				minimumVersion = 4.5.2;
			};
		};
		83ECF3132EB23515000196E7 /* XCRemoteSwiftPackageReference "Alamofire" */ = {
			isa = XCRemoteSwiftPackageReference;
			repositoryURL = "https://github.com/Alamofire/Alamofire.git";
			requirement = {
				kind = upToNextMajorVersion;
				minimumVersion = 5.10.2;
			};
		};
		83FE369A2ED3743F00E31ABC /* XCRemoteSwiftPackageReference "KeychainAccess" */ = {
			isa = XCRemoteSwiftPackageReference;
			repositoryURL = "https://github.com/kishikawakatsumi/KeychainAccess";
			requirement = {
				branch = master;
				kind = branch;
			};
		};
/* End XCRemoteSwiftPackageReference section */

/* Begin XCSwiftPackageProductDependency section */
		832EC6EC2EBA07EB0090EAAB /* Alamofire */ = {
			isa = XCSwiftPackageProductDependency;
			package = 83ECF3132EB23515000196E7 /* XCRemoteSwiftPackageReference "Alamofire" */;
			productName = Alamofire;
		};
		8384BD2D2E98037E0081FB14 /* Lottie */ = {
			isa = XCSwiftPackageProductDependency;
			package = 83C63B662E979C9C00A4DF5F /* XCRemoteSwiftPackageReference "lottie-ios" */;
			productName = Lottie;
		};
		83FE369B2ED374C300E31ABC /* KeychainAccess */ = {
			isa = XCSwiftPackageProductDependency;
			package = 83FE369A2ED3743F00E31ABC /* XCRemoteSwiftPackageReference "KeychainAccess" */;
			productName = KeychainAccess;
		};
/* End XCSwiftPackageProductDependency section */
	};
	rootObject = 83A892222E8DA1AA00337242 /* Project object */;
}
